
Microsoft Visual Studio Solution File, Format Version 12.00
# Visual Studio Version 17
VisualStudioVersion = 17.11.35303.130
MinimumVisualStudioVersion = 10.0.40219.1
Project("{9A19103F-16F7-4668-BE54-9A1E7A4F7556}") = "PrimeiroProjeto", "PrimeiroProjeto\PrimeiroProjeto.csproj", "{47E582D9-3502-4A5A-85D3-2B1791EAA5E9}"
EndProject
Project("{9A19103F-16F7-4668-BE54-9A1E7A4F7556}") = "TiposDeDados", "TiposDeDados\TiposDeDados.csproj", "{741481B0-6F41-42E8-8977-5B18C2AED5AF}"
EndProject
Project("{9A19103F-16F7-4668-BE54-9A1E7A4F7556}") = "TrabalhandoComVariaveis", "TrabalhandoComVariaveis\TrabalhandoComVariaveis.csproj", "{06A1ED7F-1CB5-43E4-B1D3-55681C98A5ED}"
EndProject
Project("{9A19103F-16F7-4668-BE54-9A1E7A4F7556}") = "OpAritmeticos", "OpAritmeticos\OpAritmeticos.csproj", "{561130AD-AB36-4EDD-9ABF-92482FCA6708}"
EndProject
Project("{9A19103F-16F7-4668-BE54-9A1E7A4F7556}") = "OpRelacionais", "OpRelacionais\OpRelacionais.csproj", "{F77813DC-D9BF-4F41-AEC8-575CCDB2061D}"
EndProject
Project("{9A19103F-16F7-4668-BE54-9A1E7A4F7556}") = "OpLogicos", "OpLogicos\OpLogicos.csproj", "{25AC47F9-112C-4C6E-AC51-70EE42E6C86C}"
EndProject
Project("{9A19103F-16F7-4668-BE54-9A1E7A4F7556}") = "OpTernario", "OpTernario\OpTernario.csproj", "{FC01D294-54D5-4112-A0D2-CD8B958C34F1}"
EndProject
Project("{9A19103F-16F7-4668-BE54-9A1E7A4F7556}") = "CriandoUmaFuncao", "CriandoUmaFuncao\CriandoUmaFuncao.csproj", "{50E12B0B-2DF5-4F35-A741-60C92654CBB7}"
EndProject
Project("{9A19103F-16F7-4668-BE54-9A1E7A4F7556}") = "ArrayList", "ArrayList\ArrayList.csproj", "{1E1CEE3A-5436-475B-96AC-D400D92BEBA4}"
EndProject
Project("{9A19103F-16F7-4668-BE54-9A1E7A4F7556}") = "ArrayTipado", "ArrayTipado\ArrayTipado.csproj", "{F9EE86FE-0B74-48B9-8C51-AB1D648DFA09}"
EndProject
Project("{9A19103F-16F7-4668-BE54-9A1E7A4F7556}") = "ListaGenerica", "ListaGenerica\ListaGenerica.csproj", "{59FC85B9-20A5-4058-9127-A23A2FE9C538}"
EndProject
Project("{9A19103F-16F7-4668-BE54-9A1E7A4F7556}") = "Dicionario", "Dicionario\Dicionario.csproj", "{DDFECBBC-701D-4873-AE6B-2ED2D7C064C6}"
EndProject
Project("{9A19103F-16F7-4668-BE54-9A1E7A4F7556}") = "Fila", "Fila\Fila.csproj", "{7F978D5A-A07D-4A28-ABAF-73394CCD3D53}"
EndProject
Project("{9A19103F-16F7-4668-BE54-9A1E7A4F7556}") = "Pilha", "Pilha\Pilha.csproj", "{26ADF57E-B46D-4124-AA70-6AD4484AA72C}"
EndProject
Project("{9A19103F-16F7-4668-BE54-9A1E7A4F7556}") = "EstruturaIf", "EstruturaIf\EstruturaIf.csproj", "{6B4FD8D0-B69A-4949-923E-6BF3E06C2FD9}"
EndProject
Project("{9A19103F-16F7-4668-BE54-9A1E7A4F7556}") = "EstruturaSwitch", "EstruturaSwitch\EstruturaSwitch.csproj", "{6B556839-6467-4223-997F-241F3270B88D}"
EndProject
Project("{9A19103F-16F7-4668-BE54-9A1E7A4F7556}") = "EstruturaFor", "EstruturaFor\EstruturaFor.csproj", "{335B6BB1-806A-4AD4-8D0C-C93ADCA29D78}"
EndProject
Project("{9A19103F-16F7-4668-BE54-9A1E7A4F7556}") = "EstruturaWhile", "EstruturaWhile\EstruturaWhile.csproj", "{3D01F836-373E-4B49-AF0E-CE017038099F}"
EndProject
Project("{9A19103F-16F7-4668-BE54-9A1E7A4F7556}") = "EstruturaDoWhile", "EstruturaDoWhile\EstruturaDoWhile.csproj", "{5C9F7FF1-7A75-495D-A077-04DD2C1FEB44}"
EndProject
Project("{9A19103F-16F7-4668-BE54-9A1E7A4F7556}") = "Classe", "Classe\Classe.csproj", "{B827DD02-3725-49BD-A416-A79C3CD5FF1E}"
EndProject
Project("{9A19103F-16F7-4668-BE54-9A1E7A4F7556}") = "Conversores", "Conversores\Conversores.csproj", "{8F103A6D-7667-4226-B368-A39DC2F4905A}"
EndProject
Project("{9A19103F-16F7-4668-BE54-9A1E7A4F7556}") = "TrabalhandoComStrings", "TrabalhandoComStrings\TrabalhandoComStrings.csproj", "{0EA878B1-1374-407E-A100-D47AA064C2C6}"
EndProject
Project("{FAE04EC0-301F-11D3-BF4B-00C04F79EFBC}") = "TrabalhandoComDatas", "TrabalhandoComDatas\TrabalhandoComDatas.csproj", "{64990680-4D60-4FAF-807C-BC6B2999B88E}"
EndProject
Global
	GlobalSection(SolutionConfigurationPlatforms) = preSolution
		Debug|Any CPU = Debug|Any CPU
		Release|Any CPU = Release|Any CPU
	EndGlobalSection
	GlobalSection(ProjectConfigurationPlatforms) = postSolution
		{47E582D9-3502-4A5A-85D3-2B1791EAA5E9}.Debug|Any CPU.ActiveCfg = Debug|Any CPU
		{47E582D9-3502-4A5A-85D3-2B1791EAA5E9}.Debug|Any CPU.Build.0 = Debug|Any CPU
		{47E582D9-3502-4A5A-85D3-2B1791EAA5E9}.Release|Any CPU.ActiveCfg = Release|Any CPU
		{47E582D9-3502-4A5A-85D3-2B1791EAA5E9}.Release|Any CPU.Build.0 = Release|Any CPU
		{741481B0-6F41-42E8-8977-5B18C2AED5AF}.Debug|Any CPU.ActiveCfg = Debug|Any CPU
		{741481B0-6F41-42E8-8977-5B18C2AED5AF}.Debug|Any CPU.Build.0 = Debug|Any CPU
		{741481B0-6F41-42E8-8977-5B18C2AED5AF}.Release|Any CPU.ActiveCfg = Release|Any CPU
		{741481B0-6F41-42E8-8977-5B18C2AED5AF}.Release|Any CPU.Build.0 = Release|Any CPU
		{06A1ED7F-1CB5-43E4-B1D3-55681C98A5ED}.Debug|Any CPU.ActiveCfg = Debug|Any CPU
		{06A1ED7F-1CB5-43E4-B1D3-55681C98A5ED}.Debug|Any CPU.Build.0 = Debug|Any CPU
		{06A1ED7F-1CB5-43E4-B1D3-55681C98A5ED}.Release|Any CPU.ActiveCfg = Release|Any CPU
		{06A1ED7F-1CB5-43E4-B1D3-55681C98A5ED}.Release|Any CPU.Build.0 = Release|Any CPU
		{561130AD-AB36-4EDD-9ABF-92482FCA6708}.Debug|Any CPU.ActiveCfg = Debug|Any CPU
		{561130AD-AB36-4EDD-9ABF-92482FCA6708}.Debug|Any CPU.Build.0 = Debug|Any CPU
		{561130AD-AB36-4EDD-9ABF-92482FCA6708}.Release|Any CPU.ActiveCfg = Release|Any CPU
		{561130AD-AB36-4EDD-9ABF-92482FCA6708}.Release|Any CPU.Build.0 = Release|Any CPU
		{F77813DC-D9BF-4F41-AEC8-575CCDB2061D}.Debug|Any CPU.ActiveCfg = Debug|Any CPU
		{F77813DC-D9BF-4F41-AEC8-575CCDB2061D}.Debug|Any CPU.Build.0 = Debug|Any CPU
		{F77813DC-D9BF-4F41-AEC8-575CCDB2061D}.Release|Any CPU.ActiveCfg = Release|Any CPU
		{F77813DC-D9BF-4F41-AEC8-575CCDB2061D}.Release|Any CPU.Build.0 = Release|Any CPU
		{25AC47F9-112C-4C6E-AC51-70EE42E6C86C}.Debug|Any CPU.ActiveCfg = Debug|Any CPU
		{25AC47F9-112C-4C6E-AC51-70EE42E6C86C}.Debug|Any CPU.Build.0 = Debug|Any CPU
		{25AC47F9-112C-4C6E-AC51-70EE42E6C86C}.Release|Any CPU.ActiveCfg = Release|Any CPU
		{25AC47F9-112C-4C6E-AC51-70EE42E6C86C}.Release|Any CPU.Build.0 = Release|Any CPU
		{FC01D294-54D5-4112-A0D2-CD8B958C34F1}.Debug|Any CPU.ActiveCfg = Debug|Any CPU
		{FC01D294-54D5-4112-A0D2-CD8B958C34F1}.Debug|Any CPU.Build.0 = Debug|Any CPU
		{FC01D294-54D5-4112-A0D2-CD8B958C34F1}.Release|Any CPU.ActiveCfg = Release|Any CPU
		{FC01D294-54D5-4112-A0D2-CD8B958C34F1}.Release|Any CPU.Build.0 = Release|Any CPU
		{50E12B0B-2DF5-4F35-A741-60C92654CBB7}.Debug|Any CPU.ActiveCfg = Debug|Any CPU
		{50E12B0B-2DF5-4F35-A741-60C92654CBB7}.Debug|Any CPU.Build.0 = Debug|Any CPU
		{50E12B0B-2DF5-4F35-A741-60C92654CBB7}.Release|Any CPU.ActiveCfg = Release|Any CPU
		{50E12B0B-2DF5-4F35-A741-60C92654CBB7}.Release|Any CPU.Build.0 = Release|Any CPU
		{1E1CEE3A-5436-475B-96AC-D400D92BEBA4}.Debug|Any CPU.ActiveCfg = Debug|Any CPU
		{1E1CEE3A-5436-475B-96AC-D400D92BEBA4}.Debug|Any CPU.Build.0 = Debug|Any CPU
		{1E1CEE3A-5436-475B-96AC-D400D92BEBA4}.Release|Any CPU.ActiveCfg = Release|Any CPU
		{1E1CEE3A-5436-475B-96AC-D400D92BEBA4}.Release|Any CPU.Build.0 = Release|Any CPU
		{F9EE86FE-0B74-48B9-8C51-AB1D648DFA09}.Debug|Any CPU.ActiveCfg = Debug|Any CPU
		{F9EE86FE-0B74-48B9-8C51-AB1D648DFA09}.Debug|Any CPU.Build.0 = Debug|Any CPU
		{F9EE86FE-0B74-48B9-8C51-AB1D648DFA09}.Release|Any CPU.ActiveCfg = Release|Any CPU
		{F9EE86FE-0B74-48B9-8C51-AB1D648DFA09}.Release|Any CPU.Build.0 = Release|Any CPU
		{59FC85B9-20A5-4058-9127-A23A2FE9C538}.Debug|Any CPU.ActiveCfg = Debug|Any CPU
		{59FC85B9-20A5-4058-9127-A23A2FE9C538}.Debug|Any CPU.Build.0 = Debug|Any CPU
		{59FC85B9-20A5-4058-9127-A23A2FE9C538}.Release|Any CPU.ActiveCfg = Release|Any CPU
		{59FC85B9-20A5-4058-9127-A23A2FE9C538}.Release|Any CPU.Build.0 = Release|Any CPU
		{DDFECBBC-701D-4873-AE6B-2ED2D7C064C6}.Debug|Any CPU.ActiveCfg = Debug|Any CPU
		{DDFECBBC-701D-4873-AE6B-2ED2D7C064C6}.Debug|Any CPU.Build.0 = Debug|Any CPU
		{DDFECBBC-701D-4873-AE6B-2ED2D7C064C6}.Release|Any CPU.ActiveCfg = Release|Any CPU
		{DDFECBBC-701D-4873-AE6B-2ED2D7C064C6}.Release|Any CPU.Build.0 = Release|Any CPU
		{7F978D5A-A07D-4A28-ABAF-73394CCD3D53}.Debug|Any CPU.ActiveCfg = Debug|Any CPU
		{7F978D5A-A07D-4A28-ABAF-73394CCD3D53}.Debug|Any CPU.Build.0 = Debug|Any CPU
		{7F978D5A-A07D-4A28-ABAF-73394CCD3D53}.Release|Any CPU.ActiveCfg = Release|Any CPU
		{7F978D5A-A07D-4A28-ABAF-73394CCD3D53}.Release|Any CPU.Build.0 = Release|Any CPU
		{26ADF57E-B46D-4124-AA70-6AD4484AA72C}.Debug|Any CPU.ActiveCfg = Debug|Any CPU
		{26ADF57E-B46D-4124-AA70-6AD4484AA72C}.Debug|Any CPU.Build.0 = Debug|Any CPU
		{26ADF57E-B46D-4124-AA70-6AD4484AA72C}.Release|Any CPU.ActiveCfg = Release|Any CPU
		{26ADF57E-B46D-4124-AA70-6AD4484AA72C}.Release|Any CPU.Build.0 = Release|Any CPU
		{6B4FD8D0-B69A-4949-923E-6BF3E06C2FD9}.Debug|Any CPU.ActiveCfg = Debug|Any CPU
		{6B4FD8D0-B69A-4949-923E-6BF3E06C2FD9}.Debug|Any CPU.Build.0 = Debug|Any CPU
		{6B4FD8D0-B69A-4949-923E-6BF3E06C2FD9}.Release|Any CPU.ActiveCfg = Release|Any CPU
		{6B4FD8D0-B69A-4949-923E-6BF3E06C2FD9}.Release|Any CPU.Build.0 = Release|Any CPU
		{6B556839-6467-4223-997F-241F3270B88D}.Debug|Any CPU.ActiveCfg = Debug|Any CPU
		{6B556839-6467-4223-997F-241F3270B88D}.Debug|Any CPU.Build.0 = Debug|Any CPU
		{6B556839-6467-4223-997F-241F3270B88D}.Release|Any CPU.ActiveCfg = Release|Any CPU
		{6B556839-6467-4223-997F-241F3270B88D}.Release|Any CPU.Build.0 = Release|Any CPU
		{335B6BB1-806A-4AD4-8D0C-C93ADCA29D78}.Debug|Any CPU.ActiveCfg = Debug|Any CPU
		{335B6BB1-806A-4AD4-8D0C-C93ADCA29D78}.Debug|Any CPU.Build.0 = Debug|Any CPU
		{335B6BB1-806A-4AD4-8D0C-C93ADCA29D78}.Release|Any CPU.ActiveCfg = Release|Any CPU
		{335B6BB1-806A-4AD4-8D0C-C93ADCA29D78}.Release|Any CPU.Build.0 = Release|Any CPU
		{3D01F836-373E-4B49-AF0E-CE017038099F}.Debug|Any CPU.ActiveCfg = Debug|Any CPU
		{3D01F836-373E-4B49-AF0E-CE017038099F}.Debug|Any CPU.Build.0 = Debug|Any CPU
		{3D01F836-373E-4B49-AF0E-CE017038099F}.Release|Any CPU.ActiveCfg = Release|Any CPU
		{3D01F836-373E-4B49-AF0E-CE017038099F}.Release|Any CPU.Build.0 = Release|Any CPU
		{5C9F7FF1-7A75-495D-A077-04DD2C1FEB44}.Debug|Any CPU.ActiveCfg = Debug|Any CPU
		{5C9F7FF1-7A75-495D-A077-04DD2C1FEB44}.Debug|Any CPU.Build.0 = Debug|Any CPU
		{5C9F7FF1-7A75-495D-A077-04DD2C1FEB44}.Release|Any CPU.ActiveCfg = Release|Any CPU
		{5C9F7FF1-7A75-495D-A077-04DD2C1FEB44}.Release|Any CPU.Build.0 = Release|Any CPU
		{B827DD02-3725-49BD-A416-A79C3CD5FF1E}.Debug|Any CPU.ActiveCfg = Debug|Any CPU
		{B827DD02-3725-49BD-A416-A79C3CD5FF1E}.Debug|Any CPU.Build.0 = Debug|Any CPU
		{B827DD02-3725-49BD-A416-A79C3CD5FF1E}.Release|Any CPU.ActiveCfg = Release|Any CPU
		{B827DD02-3725-49BD-A416-A79C3CD5FF1E}.Release|Any CPU.Build.0 = Release|Any CPU
		{8F103A6D-7667-4226-B368-A39DC2F4905A}.Debug|Any CPU.ActiveCfg = Debug|Any CPU
		{8F103A6D-7667-4226-B368-A39DC2F4905A}.Debug|Any CPU.Build.0 = Debug|Any CPU
		{8F103A6D-7667-4226-B368-A39DC2F4905A}.Release|Any CPU.ActiveCfg = Release|Any CPU
		{8F103A6D-7667-4226-B368-A39DC2F4905A}.Release|Any CPU.Build.0 = Release|Any CPU
		{0EA878B1-1374-407E-A100-D47AA064C2C6}.Debug|Any CPU.ActiveCfg = Debug|Any CPU
		{0EA878B1-1374-407E-A100-D47AA064C2C6}.Debug|Any CPU.Build.0 = Debug|Any CPU
		{0EA878B1-1374-407E-A100-D47AA064C2C6}.Release|Any CPU.ActiveCfg = Release|Any CPU
		{0EA878B1-1374-407E-A100-D47AA064C2C6}.Release|Any CPU.Build.0 = Release|Any CPU
		{64990680-4D60-4FAF-807C-BC6B2999B88E}.Debug|Any CPU.ActiveCfg = Debug|Any CPU
		{64990680-4D60-4FAF-807C-BC6B2999B88E}.Debug|Any CPU.Build.0 = Debug|Any CPU
		{64990680-4D60-4FAF-807C-BC6B2999B88E}.Release|Any CPU.ActiveCfg = Release|Any CPU
		{64990680-4D60-4FAF-807C-BC6B2999B88E}.Release|Any CPU.Build.0 = Release|Any CPU
	EndGlobalSection
	GlobalSection(SolutionProperties) = preSolution
		HideSolutionNode = FALSE
	EndGlobalSection
	GlobalSection(ExtensibilityGlobals) = postSolution
		SolutionGuid = {1920B050-2182-47E1-883B-49FF8DAB7776}
	EndGlobalSection
EndGlobal
