
Microsoft Visual Studio Solution File, Format Version 12.00
# Visual Studio Version 17
VisualStudioVersion = 17.11.35303.130
MinimumVisualStudioVersion = 10.0.40219.1
Project("{FAE04EC0-301F-11D3-BF4B-00C04F79EFBC}") = "GerenciamentoDeAtivosTecnologicos", "GerenciamentoDeAtivosTecnologicos\GerenciamentoDeAtivosTecnologicos.csproj", "{121E4AE7-742D-4A99-AF9A-2B673D0B0A2B}"
EndProject
Global
	GlobalSection(SolutionConfigurationPlatforms) = preSolution
		Debug|Any CPU = Debug|Any CPU
		Release|Any CPU = Release|Any CPU
	EndGlobalSection
	GlobalSection(ProjectConfigurationPlatforms) = postSolution
		{121E4AE7-742D-4A99-AF9A-2B673D0B0A2B}.Debug|Any CPU.ActiveCfg = Debug|Any CPU
		{121E4AE7-742D-4A99-AF9A-2B673D0B0A2B}.Debug|Any CPU.Build.0 = Debug|Any CPU
		{121E4AE7-742D-4A99-AF9A-2B673D0B0A2B}.Release|Any CPU.ActiveCfg = Release|Any CPU
		{121E4AE7-742D-4A99-AF9A-2B673D0B0A2B}.Release|Any CPU.Build.0 = Release|Any CPU
	EndGlobalSection
	GlobalSection(SolutionProperties) = preSolution
		HideSolutionNode = FALSE
	EndGlobalSection
	GlobalSection(ExtensibilityGlobals) = postSolution
		SolutionGuid = {A44282EF-3DA9-4F50-9E1B-BE23CFA52DA5}
	EndGlobalSection
EndGlobal
